{
  "name": "prompt-confirm",
  "version": "1.1.0",
  "lockfileVersion": 1,
  "dependencies": {
    "ansi-bgblack": {
      "version": "0.1.1",
      "resolved": "https://registry.npmjs.org/ansi-bgblack/-/ansi-bgblack-0.1.1.tgz",
      "integrity": "sha1-poulAHiHcBtqr74/oNrf36juPKI="
    },
    "ansi-bgblue": {
      "version": "0.1.1",
      "resolved": "https://registry.npmjs.org/ansi-bgblue/-/ansi-bgblue-0.1.1.tgz",
      "integrity": "sha1-Z73ATtybm1J4lp2hlt6j11yMNhM="
    },
    "ansi-bgcyan": {
      "version": "0.1.1",
      "resolved": "https://registry.npmjs.org/ansi-bgcyan/-/ansi-bgcyan-0.1.1.tgz",
      "integrity": "sha1-WEiUJWAL3p9VBwaN2Wnr/bUP52g="
    },
    "ansi-bggreen": {
      "version": "0.1.1",
      "resolved": "https://registry.npmjs.org/ansi-bggreen/-/ansi-bggreen-0.1.1.tgz",
      "integrity": "sha1-TjGRJIUplD9DIelr8THRwTgWr0k="
    },
    "ansi-bgmagenta": {
      "version": "0.1.1",
      "resolved": "https://registry.npmjs.org/ansi-bgmagenta/-/ansi-bgmagenta-0.1.1.tgz",
      "integrity": "sha1-myhDLAduqpmUGGcqPvvhk5HCx6E="
    },
    "ansi-bgred": {
      "version": "0.1.1",
      "resolved": "https://registry.npmjs.org/ansi-bgred/-/ansi-bgred-0.1.1.tgz",
      "integrity": "sha1-p2+Sg4OCukMpCmwXeEJPmE1vEEE="
    },
    "ansi-bgwhite": {
      "version": "0.1.1",
      "resolved": "https://registry.npmjs.org/ansi-bgwhite/-/ansi-bgwhite-0.1.1.tgz",
      "integrity": "sha1-ZQRlE3elim7OzQMxmU5IAljhG6g="
    },
    "ansi-bgyellow": {
      "version": "0.1.1",
      "resolved": "https://registry.npmjs.org/ansi-bgyellow/-/ansi-bgyellow-0.1.1.tgz",
      "integrity": "sha1-w/4usIzUdmSAKeaHTRWgs49h1E8="
    },
    "ansi-black": {
      "version": "0.1.1",
      "resolved": "https://registry.npmjs.org/ansi-black/-/ansi-black-0.1.1.tgz",
      "integrity": "sha1-9hheiJNgslRaHsUMC/Bj/EMDJFM="
    },
    "ansi-blue": {
      "version": "0.1.1",
      "resolved": "https://registry.npmjs.org/ansi-blue/-/ansi-blue-0.1.1.tgz",
      "integrity": "sha1-FbgEmQ6S/JyoxUds6PaZd3wh7b8="
    },
    "ansi-bold": {
      "version": "0.1.1",
      "resolved": "https://registry.npmjs.org/ansi-bold/-/ansi-bold-0.1.1.tgz",
      "integrity": "sha1-PmOVCvWswq4uZw5vZ96xFdGl9QU="
    },
    "ansi-colors": {
      "version": "0.2.0",
      "resolved": "https://registry.npmjs.org/ansi-colors/-/ansi-colors-0.2.0.tgz",
      "integrity": "sha1-csMd4qDZoszQysMMyYI+6y9kNLU="
    },
    "ansi-cyan": {
      "version": "0.1.1",
      "resolved": "https://registry.npmjs.org/ansi-cyan/-/ansi-cyan-0.1.1.tgz",
      "integrity": "sha1-U4rlKK+JgvKK4w2G8vF0VtJgmHM="
    },
    "ansi-dim": {
      "version": "0.1.1",
      "resolved": "https://registry.npmjs.org/ansi-dim/-/ansi-dim-0.1.1.tgz",
      "integrity": "sha1-QN5MYDqoCG2Oeoa4/5mNXDbu/Ww="
    },
    "ansi-gray": {
      "version": "0.1.1",
      "resolved": "https://registry.npmjs.org/ansi-gray/-/ansi-gray-0.1.1.tgz",
      "integrity": "sha1-KWLPVOyXksSFEKPetSRDaGHvclE="
    },
    "ansi-green": {
      "version": "0.1.1",
      "resolved": "https://registry.npmjs.org/ansi-green/-/ansi-green-0.1.1.tgz",
      "integrity": "sha1-il2al55FjVfEDjNYCzc5C44Q0Pc="
    },
    "ansi-grey": {
      "version": "0.1.1",
      "resolved": "https://registry.npmjs.org/ansi-grey/-/ansi-grey-0.1.1.tgz",
      "integrity": "sha1-WdmLasK6GfilF5jphT+6eDOaM8E="
    },
    "ansi-hidden": {
      "version": "0.1.1",
      "resolved": "https://registry.npmjs.org/ansi-hidden/-/ansi-hidden-0.1.1.tgz",
      "integrity": "sha1-7WpMSY0rt8uyidvyqNHcyFZ/rg8="
    },
    "ansi-inverse": {
      "version": "0.1.1",
      "resolved": "https://registry.npmjs.org/ansi-inverse/-/ansi-inverse-0.1.1.tgz",
      "integrity": "sha1-tq9Fgm/oJr+1KKbHmIV5Q1XM0mk="
    },
    "ansi-italic": {
      "version": "0.1.1",
      "resolved": "https://registry.npmjs.org/ansi-italic/-/ansi-italic-0.1.1.tgz",
      "integrity": "sha1-EEdDRj9iXBQqA2c5z4XtpoiYbyM="
    },
    "ansi-magenta": {
      "version": "0.1.1",
      "resolved": "https://registry.npmjs.org/ansi-magenta/-/ansi-magenta-0.1.1.tgz",
      "integrity": "sha1-BjtboW+z8j4c/aKwfAqJ3hHkMK4="
    },
    "ansi-red": {
      "version": "0.1.1",
      "resolved": "https://registry.npmjs.org/ansi-red/-/ansi-red-0.1.1.tgz",
      "integrity": "sha1-jGOPnRCAgAo1PJwoyKgcpHBdlGw="
    },
    "ansi-regex": {
      "version": "2.1.1",
      "resolved": "https://registry.npmjs.org/ansi-regex/-/ansi-regex-2.1.1.tgz",
      "integrity": "sha1-w7M6te42DYbg5ijwRorn7yfWVN8="
    },
    "ansi-reset": {
      "version": "0.1.1",
      "resolved": "https://registry.npmjs.org/ansi-reset/-/ansi-reset-0.1.1.tgz",
      "integrity": "sha1-5+cSksPH3c1NYu9KbHwFmAkRw7c="
    },
    "ansi-strikethrough": {
      "version": "0.1.1",
      "resolved": "https://registry.npmjs.org/ansi-strikethrough/-/ansi-strikethrough-0.1.1.tgz",
      "integrity": "sha1-2Eh3FAss/wfRyT685pkE9oiF5Wg="
    },
    "ansi-underline": {
      "version": "0.1.1",
      "resolved": "https://registry.npmjs.org/ansi-underline/-/ansi-underline-0.1.1.tgz",
      "integrity": "sha1-38kg9Ml7WXfqFi34/7mIMIqqcaQ="
    },
    "ansi-white": {
      "version": "0.1.1",
      "resolved": "https://registry.npmjs.org/ansi-white/-/ansi-white-0.1.1.tgz",
      "integrity": "sha1-nHe3wZPF7pkuYBHTbsTJIbRXiUQ="
    },
    "ansi-wrap": {
      "version": "0.1.0",
      "resolved": "https://registry.npmjs.org/ansi-wrap/-/ansi-wrap-0.1.0.tgz",
      "integrity": "sha1-qCJQ3bABXponyoLoLqYDu/pF768="
    },
    "ansi-yellow": {
      "version": "0.1.1",
      "resolved": "https://registry.npmjs.org/ansi-yellow/-/ansi-yellow-0.1.1.tgz",
      "integrity": "sha1-y5NW8vRscy8OMZnmEClVp32oPB0="
    },
    "any-promise": {
      "version": "0.1.0",
      "resolved": "https://registry.npmjs.org/any-promise/-/any-promise-0.1.0.tgz",
      "integrity": "sha1-gwtoCqflbzNFHUsEnzvYBESY7ic=",
      "dev": true
    },
    "argparse": {
      "version": "0.1.16",
      "resolved": "https://registry.npmjs.org/argparse/-/argparse-0.1.16.tgz",
      "integrity": "sha1-z9AeD7uj1srtBJ+9dY1A9lGW9Xw=",
      "dev": true
    },
    "arr-flatten": {
      "version": "1.0.3",
      "resolved": "https://registry.npmjs.org/arr-flatten/-/arr-flatten-1.0.3.tgz",
      "integrity": "sha1-onTthawIhJtr14R8RYB0XcUa37E="
    },
    "arr-swap": {
      "version": "1.0.1",
      "resolved": "https://registry.npmjs.org/arr-swap/-/arr-swap-1.0.1.tgz",
      "integrity": "sha1-FHWQ7WX8gVvAf+8Jl8Llgj1kNTQ="
    },
    "arr-union": {
      "version": "3.1.0",
      "resolved": "https://registry.npmjs.org/arr-union/-/arr-union-3.1.0.tgz",
      "integrity": "sha1-45sJrqne+Gao8gbiiK9jkZuuOcQ=",
      "dev": true
    },
    "array-slice": {
      "version": "0.2.3",
      "resolved": "https://registry.npmjs.org/array-slice/-/array-slice-0.2.3.tgz",
      "integrity": "sha1-3Tz7gO15c6dRF82sabC5nshhhvU=",
      "dev": true
    },
    "atob": {
      "version": "2.0.3",
      "resolved": "https://registry.npmjs.org/atob/-/atob-2.0.3.tgz",
      "integrity": "sha1-GcenYEc3dEaPILLS0DNyrX1Mv10=",
      "dev": true
    },
    "autolinker": {
      "version": "0.15.3",
      "resolved": "https://registry.npmjs.org/autolinker/-/autolinker-0.15.3.tgz",
      "integrity": "sha1-NCQX2PLzRhsUzwkIjV7fh5HcmDI=",
      "dev": true
    },
    "balanced-match": {
      "version": "0.4.2",
      "resolved": "https://registry.npmjs.org/balanced-match/-/balanced-match-0.4.2.tgz",
      "integrity": "sha1-yz8+PHMtwPAe5wtAPzAuYddwmDg=",
      "dev": true
    },
    "base": {
      "version": "0.11.1",
      "resolved": "https://registry.npmjs.org/base/-/base-0.11.1.tgz",
      "integrity": "sha1-s2p/ERE4U6NCoVaR2Y4tzIpswnA=",
      "dev": true,
      "dependencies": {
        "define-property": {
          "version": "0.2.5",
          "resolved": "https://registry.npmjs.org/define-property/-/define-property-0.2.5.tgz",
          "integrity": "sha1-w1se+RjsPJkPmlvFe+BKrOxcgRY=",
          "dev": true
        },
        "is-descriptor": {
          "version": "0.1.5",
          "resolved": "https://registry.npmjs.org/is-descriptor/-/is-descriptor-0.1.5.tgz",
          "integrity": "sha1-4/uLSrZfOjc3M4jhi0AdeMWMvqc=",
          "dev": true
        },
        "isobject": {
          "version": "2.1.0",
          "resolved": "https://registry.npmjs.org/isobject/-/isobject-2.1.0.tgz",
          "integrity": "sha1-8GVWEJaj8dou9GJy+BXIQNh+DIk=",
          "dev": true
        }
      }
    },
    "brace-expansion": {
      "version": "1.1.7",
      "resolved": "https://registry.npmjs.org/brace-expansion/-/brace-expansion-1.1.7.tgz",
      "integrity": "sha1-Pv/DxQ4ABTH7cg6v+A8K6O8jz1k=",
      "dev": true
    },
    "browser-stdout": {
      "version": "1.3.0",
      "resolved": "https://registry.npmjs.org/browser-stdout/-/browser-stdout-1.3.0.tgz",
      "integrity": "sha1-81HTKWnTL6XXpVZxVCY9korjvR8=",
      "dev": true
    },
    "cache-base": {
      "version": "0.8.5",
      "resolved": "https://registry.npmjs.org/cache-base/-/cache-base-0.8.5.tgz",
      "integrity": "sha1-YM6zUEAh7O7HAR/TOEt/TpVym/o=",
      "dev": true,
      "dependencies": {
        "collection-visit": {
          "version": "0.2.3",
          "resolved": "https://registry.npmjs.org/collection-visit/-/collection-visit-0.2.3.tgz",
          "integrity": "sha1-L2JIPK7MlfCDuaRUo+6eYTmteVc=",
          "dev": true
        },
        "map-visit": {
          "version": "0.1.5",
          "resolved": "https://registry.npmjs.org/map-visit/-/map-visit-0.1.5.tgz",
          "integrity": "sha1-2+Q5J85VJbgN/BVzpE1oxR8mgWs=",
          "dev": true
        },
        "object-visit": {
          "version": "0.3.4",
          "resolved": "https://registry.npmjs.org/object-visit/-/object-visit-0.3.4.tgz",
          "integrity": "sha1-rhXPhvCy/dVRdxY2RIRSxUw9qCk=",
          "dev": true,
          "dependencies": {
            "isobject": {
              "version": "2.1.0",
              "resolved": "https://registry.npmjs.org/isobject/-/isobject-2.1.0.tgz",
              "integrity": "sha1-8GVWEJaj8dou9GJy+BXIQNh+DIk=",
              "dev": true
            }
          }
        },
        "set-value": {
          "version": "0.4.3",
          "resolved": "https://registry.npmjs.org/set-value/-/set-value-0.4.3.tgz",
          "integrity": "sha1-fbCPnT0i3H945Trzw79GZuzfzPE=",
          "dev": true
        }
      }
    },
    "choices-separator": {
      "version": "2.0.0",
      "resolved": "https://registry.npmjs.org/choices-separator/-/choices-separator-2.0.0.tgz",
      "integrity": "sha1-kv0XYxgteQM/XFxR0Lo1LlVnxpY="
    },
    "class-utils": {
      "version": "0.3.5",
      "resolved": "https://registry.npmjs.org/class-utils/-/class-utils-0.3.5.tgz",
      "integrity": "sha1-F+eTEDdQ+WJ7IXbqNM/RtWWQPIA=",
      "dev": true,
      "dependencies": {
        "define-property": {
          "version": "0.2.5",
          "resolved": "https://registry.npmjs.org/define-property/-/define-property-0.2.5.tgz",
          "integrity": "sha1-w1se+RjsPJkPmlvFe+BKrOxcgRY=",
          "dev": true
        },
        "is-descriptor": {
          "version": "0.1.5",
          "resolved": "https://registry.npmjs.org/is-descriptor/-/is-descriptor-0.1.5.tgz",
          "integrity": "sha1-4/uLSrZfOjc3M4jhi0AdeMWMvqc=",
          "dev": true
        }
      }
    },
    "clone-deep": {
      "version": "0.3.0",
      "resolved": "https://registry.npmjs.org/clone-deep/-/clone-deep-0.3.0.tgz",
      "integrity": "sha1-NIxhrpzb4O3+BT2R/0zFIdeQ7eg="
    },
    "collection-visit": {
      "version": "1.0.0",
      "resolved": "https://registry.npmjs.org/collection-visit/-/collection-visit-1.0.0.tgz",
      "integrity": "sha1-S8A3PBZLwykbTTaMgpzxqApZ3KA="
    },
    "commander": {
      "version": "2.9.0",
      "resolved": "https://registry.npmjs.org/commander/-/commander-2.9.0.tgz",
      "integrity": "sha1-nJkJQXbhIkDLItbFFGCYQA/g99Q=",
      "dev": true
    },
    "component-emitter": {
      "version": "1.2.1",
      "resolved": "https://registry.npmjs.org/component-emitter/-/component-emitter-1.2.1.tgz",
      "integrity": "sha1-E3kY1teCg/ffemt8WmPhQOaUJeY="
    },
    "concat-map": {
      "version": "0.0.1",
      "resolved": "https://registry.npmjs.org/concat-map/-/concat-map-0.0.1.tgz",
      "integrity": "sha1-2Klr13/Wjfd5OnMDajug1UBdR3s=",
      "dev": true
    },
    "copy-descriptor": {
      "version": "0.1.1",
      "resolved": "https://registry.npmjs.org/copy-descriptor/-/copy-descriptor-0.1.1.tgz",
      "integrity": "sha1-Z29us8OZl8LuGsOpJP1hJHSPV40="
    },
    "core-util-is": {
      "version": "1.0.2",
      "resolved": "https://registry.npmjs.org/core-util-is/-/core-util-is-1.0.2.tgz",
      "integrity": "sha1-tf1UIgqivFq1eqtxQMlAdUUDwac=",
      "dev": true
    },
    "debug": {
      "version": "2.6.8",
      "resolved": "https://registry.npmjs.org/debug/-/debug-2.6.8.tgz",
      "integrity": "sha1-5zFTHKLt4n0YgiJCfaF4IdaP9Pw="
    },
    "define-property": {
      "version": "1.0.0",
      "resolved": "https://registry.npmjs.org/define-property/-/define-property-1.0.0.tgz",
      "integrity": "sha1-dp66rz9KY6rTr56NMEybvnm/sOY="
    },
    "diff": {
      "version": "3.2.0",
      "resolved": "https://registry.npmjs.org/diff/-/diff-3.2.0.tgz",
      "integrity": "sha1-yc45Okt8vQsFinJck98pkCeGj/k=",
      "dev": true
    },
    "enquirer": {
      "version": "1.0.2",
      "resolved": "https://registry.npmjs.org/enquirer/-/enquirer-1.0.2.tgz",
      "integrity": "sha1-L/1tPO5L3JUa9jz+I67sWoXanJQ=",
      "dev": true,
      "dependencies": {
        "kind-of": {
          "version": "4.0.0",
          "resolved": "https://registry.npmjs.org/kind-of/-/kind-of-4.0.0.tgz",
          "integrity": "sha1-IIE989cSkosgc3hpGkUGb65y3Vc=",
          "dev": true
        },
        "prompt-choices": {
          "version": "3.0.6",
          "resolved": "https://registry.npmjs.org/prompt-choices/-/prompt-choices-3.0.6.tgz",
          "integrity": "sha1-XDXD2Z7hft/ZVjwfuBBGsISe+P8=",
          "dev": true
        },
        "prompt-question": {
          "version": "3.0.3",
          "resolved": "https://registry.npmjs.org/prompt-question/-/prompt-question-3.0.3.tgz",
          "integrity": "sha1-xVhYvXaxh4wequy5F6koqcE8ijc=",
          "dev": true
        }
      }
    },
    "error-symbol": {
      "version": "0.1.0",
      "resolved": "https://registry.npmjs.org/error-symbol/-/error-symbol-0.1.0.tgz",
      "integrity": "sha1-Ck2uN9YA0VopukU9jvkg8YRDM/Y="
    },
    "escape-string-regexp": {
      "version": "1.0.5",
      "resolved": "https://registry.npmjs.org/escape-string-regexp/-/escape-string-regexp-1.0.5.tgz",
      "integrity": "sha1-G2HAViGQqN/2rjuyzwIAyhMLhtQ=",
      "dev": true
    },
    "expand-range": {
      "version": "1.8.2",
      "resolved": "https://registry.npmjs.org/expand-range/-/expand-range-1.8.2.tgz",
      "integrity": "sha1-opnv/TNf4nIeuujiV+x5ZE/IUzc=",
      "dev": true
    },
    "expand-reflinks": {
      "version": "0.2.1",
      "resolved": "https://registry.npmjs.org/expand-reflinks/-/expand-reflinks-0.2.1.tgz",
      "integrity": "sha1-bV4hmesO4+ZHTo7evppcbAWgKjA=",
      "dev": true,
      "dependencies": {
        "define-property": {
          "version": "0.2.5",
          "resolved": "https://registry.npmjs.org/define-property/-/define-property-0.2.5.tgz",
          "integrity": "sha1-w1se+RjsPJkPmlvFe+BKrOxcgRY=",
          "dev": true
        },
        "is-descriptor": {
          "version": "0.1.5",
          "resolved": "https://registry.npmjs.org/is-descriptor/-/is-descriptor-0.1.5.tgz",
          "integrity": "sha1-4/uLSrZfOjc3M4jhi0AdeMWMvqc=",
          "dev": true
        }
      }
    },
    "extend-shallow": {
      "version": "2.0.1",
      "resolved": "https://registry.npmjs.org/extend-shallow/-/extend-shallow-2.0.1.tgz",
      "integrity": "sha1-Ua99YUrZqfYQ6huvu5idaxxWiQ8="
    },
    "fill-range": {
      "version": "2.2.3",
      "resolved": "https://registry.npmjs.org/fill-range/-/fill-range-2.2.3.tgz",
      "integrity": "sha1-ULd9/X5Gm8dJJHCWNpn+eoSFpyM=",
      "dev": true,
      "dependencies": {
        "is-number": {
          "version": "2.1.0",
          "resolved": "https://registry.npmjs.org/is-number/-/is-number-2.1.0.tgz",
          "integrity": "sha1-Afy7s5NGOlSPL0ZszhbezknbkI8=",
          "dev": true
        },
        "isobject": {
          "version": "2.1.0",
          "resolved": "https://registry.npmjs.org/isobject/-/isobject-2.1.0.tgz",
          "integrity": "sha1-8GVWEJaj8dou9GJy+BXIQNh+DIk=",
          "dev": true
        }
      }
    },
    "for-in": {
      "version": "1.0.2",
      "resolved": "https://registry.npmjs.org/for-in/-/for-in-1.0.2.tgz",
      "integrity": "sha1-gQaNKVqBQuwKxybG4iAMMPttXoA="
    },
    "for-own": {
      "version": "1.0.0",
      "resolved": "https://registry.npmjs.org/for-own/-/for-own-1.0.0.tgz",
      "integrity": "sha1-xjMy9BXO3EsE2/5wz4NklMU8tEs="
    },
    "fs.realpath": {
      "version": "1.0.0",
      "resolved": "https://registry.npmjs.org/fs.realpath/-/fs.realpath-1.0.0.tgz",
      "integrity": "sha1-FQStJSMVjKpA20onh8sBQRmU6k8=",
      "dev": true
    },
    "get-value": {
      "version": "2.0.6",
      "resolved": "https://registry.npmjs.org/get-value/-/get-value-2.0.6.tgz",
      "integrity": "sha1-3BXKHGcjh8p2vTesCjlbogQqLCg=",
      "dev": true
    },
    "gfm-code-block-regex": {
      "version": "1.0.0",
      "resolved": "https://registry.npmjs.org/gfm-code-block-regex/-/gfm-code-block-regex-1.0.0.tgz",
      "integrity": "sha1-u4PH1ihOa1ty+gIZilisDSViFdI=",
      "dev": true
    },
    "gfm-code-blocks": {
      "version": "1.0.0",
      "resolved": "https://registry.npmjs.org/gfm-code-blocks/-/gfm-code-blocks-1.0.0.tgz",
      "integrity": "sha1-YU0hBZuETGu8nViMCJslxOi8zw0=",
      "dev": true
    },
    "glob": {
      "version": "7.1.1",
      "resolved": "https://registry.npmjs.org/glob/-/glob-7.1.1.tgz",
      "integrity": "sha1-gFIR3wT6rxxjo2ADBs31reULLsg=",
      "dev": true
    },
    "graceful-readlink": {
      "version": "1.0.1",
      "resolved": "https://registry.npmjs.org/graceful-readlink/-/graceful-readlink-1.0.1.tgz",
      "integrity": "sha1-TK+tdrxi8C+gObL5Tpo906ORpyU=",
      "dev": true
    },
    "growl": {
      "version": "1.9.2",
      "resolved": "https://registry.npmjs.org/growl/-/growl-1.9.2.tgz",
      "integrity": "sha1-Dqd0NxXbjY3ixe3hd14bRayFwC8=",
      "dev": true
    },
    "gulp-format-md": {
      "version": "0.1.12",
      "resolved": "https://registry.npmjs.org/gulp-format-md/-/gulp-format-md-0.1.12.tgz",
      "integrity": "sha1-W+2PoXKLO37XL4aH7ALVIFz8kb8=",
      "dev": true
    },
    "has-flag": {
      "version": "1.0.0",
      "resolved": "https://registry.npmjs.org/has-flag/-/has-flag-1.0.0.tgz",
      "integrity": "sha1-nZ55MWXOAXoA8AQYxD+UKnsdEfo=",
      "dev": true
    },
    "has-value": {
      "version": "0.3.1",
      "resolved": "https://registry.npmjs.org/has-value/-/has-value-0.3.1.tgz",
      "integrity": "sha1-ex9YutpiyoJ+wKIHgCVlSEWZXh8=",
      "dev": true,
      "dependencies": {
        "isobject": {
          "version": "2.1.0",
          "resolved": "https://registry.npmjs.org/isobject/-/isobject-2.1.0.tgz",
          "integrity": "sha1-8GVWEJaj8dou9GJy+BXIQNh+DIk=",
          "dev": true
        }
      }
    },
    "has-values": {
      "version": "0.1.4",
      "resolved": "https://registry.npmjs.org/has-values/-/has-values-0.1.4.tgz",
      "integrity": "sha1-bWHeldkd/Km5oCCJrThL/49it3E=",
      "dev": true
    },
    "inflight": {
      "version": "1.0.6",
      "resolved": "https://registry.npmjs.org/inflight/-/inflight-1.0.6.tgz",
      "integrity": "sha1-Sb1jMdfQLQwJvJEKEHW6gWW1bfk=",
      "dev": true
    },
    "info-symbol": {
      "version": "0.1.0",
      "resolved": "https://registry.npmjs.org/info-symbol/-/info-symbol-0.1.0.tgz",
      "integrity": "sha1-J4QdcoZ920JCzWEtecEGM4gcang="
    },
    "inherits": {
      "version": "2.0.3",
      "resolved": "https://registry.npmjs.org/inherits/-/inherits-2.0.3.tgz",
      "integrity": "sha1-Yzwsg+PaQqUC9SRmAiSA9CCCYd4=",
      "dev": true
    },
    "is-accessor-descriptor": {
      "version": "0.1.6",
      "resolved": "https://registry.npmjs.org/is-accessor-descriptor/-/is-accessor-descriptor-0.1.6.tgz",
      "integrity": "sha1-qeEss66Nh2cn7u84Q/igiXtcmNY="
    },
    "is-buffer": {
      "version": "1.1.5",
      "resolved": "https://registry.npmjs.org/is-buffer/-/is-buffer-1.1.5.tgz",
      "integrity": "sha1-Hzsm72E7IUuIy8ojzGwB2Hlh7sw="
    },
    "is-data-descriptor": {
      "version": "0.1.4",
      "resolved": "https://registry.npmjs.org/is-data-descriptor/-/is-data-descriptor-0.1.4.tgz",
      "integrity": "sha1-C17mSDiOLIYCgueT8YVv7D8wG1Y="
    },
    "is-descriptor": {
      "version": "1.0.0",
      "resolved": "https://registry.npmjs.org/is-descriptor/-/is-descriptor-1.0.0.tgz",
      "integrity": "sha1-1uxobyOPawLyN1er4Sz2suonkPk="
    },
    "is-extendable": {
      "version": "0.1.1",
      "resolved": "https://registry.npmjs.org/is-extendable/-/is-extendable-0.1.1.tgz",
      "integrity": "sha1-YrEQ4omkcUGOPsNqYX1HLjAd/Ik="
    },
    "is-fullwidth-code-point": {
      "version": "2.0.0",
      "resolved": "https://registry.npmjs.org/is-fullwidth-code-point/-/is-fullwidth-code-point-2.0.0.tgz",
      "integrity": "sha1-o7MKXE8ZkYMWeqq5O+764937ZU8="
    },
    "is-number": {
      "version": "3.0.0",
      "resolved": "https://registry.npmjs.org/is-number/-/is-number-3.0.0.tgz",
      "integrity": "sha1-JP1iAaR4LPUFYcgQJ2r8fRLXEZU="
    },
    "is-plain-object": {
      "version": "2.0.3",
      "resolved": "https://registry.npmjs.org/is-plain-object/-/is-plain-object-2.0.3.tgz",
      "integrity": "sha1-wVvz5LZrYtcu+vKSWEhmPsvGGbY="
    },
    "is-windows": {
      "version": "1.0.1",
      "resolved": "https://registry.npmjs.org/is-windows/-/is-windows-1.0.1.tgz",
      "integrity": "sha1-MQ23D3QtJZoWo2kgK1GvhCMzENk="
    },
    "isarray": {
      "version": "1.0.0",
      "resolved": "https://registry.npmjs.org/isarray/-/isarray-1.0.0.tgz",
      "integrity": "sha1-u5NdSFgsuhaMBoNJV6VKPgcSTxE=",
      "dev": true
    },
    "isobject": {
      "version": "3.0.0",
      "resolved": "https://registry.npmjs.org/isobject/-/isobject-3.0.0.tgz",
      "integrity": "sha1-OVZSF/NmF4nooKDAgNX35rxG4aA="
    },
    "json3": {
      "version": "3.3.2",
      "resolved": "https://registry.npmjs.org/json3/-/json3-3.3.2.tgz",
      "integrity": "sha1-PAQ0dD35Pi9cQq7nsZvLSDV19OE=",
      "dev": true
    },
    "kind-of": {
      "version": "3.2.2",
      "resolved": "https://registry.npmjs.org/kind-of/-/kind-of-3.2.2.tgz",
      "integrity": "sha1-MeohpzS6ubuw8yRm2JOupR5KPGQ="
    },
    "koalas": {
      "version": "1.0.2",
      "resolved": "https://registry.npmjs.org/koalas/-/koalas-1.0.2.tgz",
      "integrity": "sha1-MYQz8HQjXbePrlZhoCqMpT7ilc0="
    },
    "lazy-cache": {
      "version": "2.0.2",
      "resolved": "https://registry.npmjs.org/lazy-cache/-/lazy-cache-2.0.2.tgz",
      "integrity": "sha1-uRkKT5EzVGlIQIWfio9whNiCImQ="
    },
    "list-item": {
      "version": "1.1.1",
      "resolved": "https://registry.npmjs.org/list-item/-/list-item-1.1.1.tgz",
      "integrity": "sha1-DGXQDih8tmPMs8s4Sad+iewmilY=",
      "dev": true,
      "dependencies": {
        "is-number": {
          "version": "2.1.0",
          "resolved": "https://registry.npmjs.org/is-number/-/is-number-2.1.0.tgz",
          "integrity": "sha1-Afy7s5NGOlSPL0ZszhbezknbkI8=",
          "dev": true
        }
      }
    },
    "lodash._baseassign": {
      "version": "3.2.0",
      "resolved": "https://registry.npmjs.org/lodash._baseassign/-/lodash._baseassign-3.2.0.tgz",
      "integrity": "sha1-jDigmVAPIVrQnlnxci/QxSv+Ck4=",
      "dev": true
    },
    "lodash._basecopy": {
      "version": "3.0.1",
      "resolved": "https://registry.npmjs.org/lodash._basecopy/-/lodash._basecopy-3.0.1.tgz",
      "integrity": "sha1-jaDmqHbPNEwK2KVIghEd08XHyjY=",
      "dev": true
    },
    "lodash._basecreate": {
      "version": "3.0.3",
      "resolved": "https://registry.npmjs.org/lodash._basecreate/-/lodash._basecreate-3.0.3.tgz",
      "integrity": "sha1-G8ZhYU2qf8MRt9A78WgGoCE8+CE=",
      "dev": true
    },
    "lodash._getnative": {
      "version": "3.9.1",
      "resolved": "https://registry.npmjs.org/lodash._getnative/-/lodash._getnative-3.9.1.tgz",
      "integrity": "sha1-VwvH3t5G1hzc3mh9ZdPuy6o6r/U=",
      "dev": true
    },
    "lodash._isiterateecall": {
      "version": "3.0.9",
      "resolved": "https://registry.npmjs.org/lodash._isiterateecall/-/lodash._isiterateecall-3.0.9.tgz",
      "integrity": "sha1-UgOte6Ql+uhCRg5pbbnPPmqsBXw=",
      "dev": true
    },
    "lodash.create": {
      "version": "3.1.1",
      "resolved": "https://registry.npmjs.org/lodash.create/-/lodash.create-3.1.1.tgz",
      "integrity": "sha1-1/KEnw29p+BGgruM1yqwIkYd6+c=",
      "dev": true
    },
    "lodash.isarguments": {
      "version": "3.1.0",
      "resolved": "https://registry.npmjs.org/lodash.isarguments/-/lodash.isarguments-3.1.0.tgz",
      "integrity": "sha1-L1c9hcaiQon/AGY7SRwdM4/zRYo=",
      "dev": true
    },
    "lodash.isarray": {
      "version": "3.0.4",
      "resolved": "https://registry.npmjs.org/lodash.isarray/-/lodash.isarray-3.0.4.tgz",
      "integrity": "sha1-eeTriMNqgSKvhvhEqpvNhRtfu1U=",
      "dev": true
    },
    "lodash.keys": {
      "version": "3.1.2",
      "resolved": "https://registry.npmjs.org/lodash.keys/-/lodash.keys-3.1.2.tgz",
      "integrity": "sha1-TbwEcrFWvlCgsoaFXRvQsMZWCYo=",
      "dev": true
    },
    "log-ok": {
      "version": "0.1.1",
      "resolved": "https://registry.npmjs.org/log-ok/-/log-ok-0.1.1.tgz",
      "integrity": "sha1-vqPdNqzQuKckDXhza1uXxlREozQ="
    },
    "log-utils": {
      "version": "0.2.1",
      "resolved": "https://registry.npmjs.org/log-utils/-/log-utils-0.2.1.tgz",
      "integrity": "sha1-pMIXoN2aUFFdm5ICBgkas9TgMc8="
    },
    "map-cache": {
      "version": "0.2.2",
      "resolved": "https://registry.npmjs.org/map-cache/-/map-cache-0.2.2.tgz",
      "integrity": "sha1-wyq9C9ZSXZsFFkW7TyasXcmKDb8=",
      "dev": true
    },
    "map-visit": {
      "version": "1.0.0",
      "resolved": "https://registry.npmjs.org/map-visit/-/map-visit-1.0.0.tgz",
      "integrity": "sha1-7Nyo8TFE5mDxtb1B8S80edmN+48="
    },
    "markdown-utils": {
      "version": "0.7.3",
      "resolved": "https://registry.npmjs.org/markdown-utils/-/markdown-utils-0.7.3.tgz",
      "integrity": "sha1-TFg6MeJR1psxOs6zgCpPXRsPHnY=",
      "dev": true,
      "dependencies": {
        "is-number": {
          "version": "2.1.0",
          "resolved": "https://registry.npmjs.org/is-number/-/is-number-2.1.0.tgz",
          "integrity": "sha1-Afy7s5NGOlSPL0ZszhbezknbkI8=",
          "dev": true
        }
      }
    },
    "minimatch": {
      "version": "3.0.4",
      "resolved": "https://registry.npmjs.org/minimatch/-/minimatch-3.0.4.tgz",
      "integrity": "sha512-yJHVQEhyqPLUTgt9B83PXu6W3rx4MvvHvSUvToogpwoGDOUQ+yDrR0HRot+yOCdCO7u4hX3pWft6kWBBcqh0UA==",
      "dev": true
    },
    "minimist": {
      "version": "0.0.8",
      "resolved": "https://registry.npmjs.org/minimist/-/minimist-0.0.8.tgz",
      "integrity": "sha1-hX/Kv8M5fSYluCKCYuhqp6ARsF0=",
      "dev": true
    },
    "mixin-deep": {
      "version": "1.2.0",
      "resolved": "https://registry.npmjs.org/mixin-deep/-/mixin-deep-1.2.0.tgz",
      "integrity": "sha1-0CuMb4ttS49ZgtP9AJxJGYUcP+I=",
      "dev": true
    },
    "mixin-object": {
      "version": "2.0.1",
      "resolved": "https://registry.npmjs.org/mixin-object/-/mixin-object-2.0.1.tgz",
      "integrity": "sha1-T7lJRB2rGCVA8f4DW6YOGUel5X4=",
      "dependencies": {
        "for-in": {
          "version": "0.1.8",
          "resolved": "https://registry.npmjs.org/for-in/-/for-in-0.1.8.tgz",
          "integrity": "sha1-2Hc5COMSVhCZUrH9ubP6hn0ndeE="
        }
      }
    },
    "mkdirp": {
      "version": "0.5.1",
      "resolved": "https://registry.npmjs.org/mkdirp/-/mkdirp-0.5.1.tgz",
      "integrity": "sha1-MAV0OOrGz3+MR2fzhkjWaX11yQM=",
      "dev": true
    },
    "mocha": {
      "version": "3.4.2",
      "resolved": "https://registry.npmjs.org/mocha/-/mocha-3.4.2.tgz",
      "integrity": "sha1-0O9NMyEm2/GNDWQMmzgt1IvpdZQ=",
      "dev": true,
      "dependencies": {
        "debug": {
          "version": "2.6.0",
          "resolved": "https://registry.npmjs.org/debug/-/debug-2.6.0.tgz",
          "integrity": "sha1-vFlryr52F/Edn6FTYe3tVgi4SZs=",
          "dev": true
        },
        "ms": {
          "version": "0.7.2",
          "resolved": "https://registry.npmjs.org/ms/-/ms-0.7.2.tgz",
          "integrity": "sha1-riXPJRKziFodldfwN4aNhDESR2U=",
          "dev": true
        }
      }
    },
    "ms": {
      "version": "2.0.0",
      "resolved": "https://registry.npmjs.org/ms/-/ms-2.0.0.tgz",
      "integrity": "sha1-VgiurfwAvmwpAd9fmGF4jeDVl8g="
    },
    "mute-stream": {
      "version": "0.0.7",
      "resolved": "https://registry.npmjs.org/mute-stream/-/mute-stream-0.0.7.tgz",
      "integrity": "sha1-MHXOk7whuPq0PhvE2n6BFe0ee6s="
    },
    "object-copy": {
      "version": "0.1.0",
      "resolved": "https://registry.npmjs.org/object-copy/-/object-copy-0.1.0.tgz",
      "integrity": "sha1-fn2Fi3gb18mRpBupde04EnVOmYw=",
      "dependencies": {
        "define-property": {
          "version": "0.2.5",
          "resolved": "https://registry.npmjs.org/define-property/-/define-property-0.2.5.tgz",
          "integrity": "sha1-w1se+RjsPJkPmlvFe+BKrOxcgRY="
        },
        "is-descriptor": {
          "version": "0.1.5",
          "resolved": "https://registry.npmjs.org/is-descriptor/-/is-descriptor-0.1.5.tgz",
          "integrity": "sha1-4/uLSrZfOjc3M4jhi0AdeMWMvqc="
        }
      }
    },
    "object-visit": {
      "version": "1.0.1",
      "resolved": "https://registry.npmjs.org/object-visit/-/object-visit-1.0.1.tgz",
      "integrity": "sha1-95xEk68MU3e1n+OdOV5BBC3QRbs="
    },
    "once": {
      "version": "1.4.0",
      "resolved": "https://registry.npmjs.org/once/-/once-1.4.0.tgz",
      "integrity": "sha1-WDsap3WWHUsROsF9nFC6753Xa9E=",
      "dev": true
    },
    "pascalcase": {
      "version": "0.1.1",
      "resolved": "https://registry.npmjs.org/pascalcase/-/pascalcase-0.1.1.tgz",
      "integrity": "sha1-s2PlXoAGym/iF4TS2yK9FdeRfxQ=",
      "dev": true
    },
    "path-is-absolute": {
      "version": "1.0.1",
      "resolved": "https://registry.npmjs.org/path-is-absolute/-/path-is-absolute-1.0.1.tgz",
      "integrity": "sha1-F0uSaHNVNP+8es5r9TpanhtcX18=",
      "dev": true
    },
    "pointer-symbol": {
      "version": "1.0.0",
      "resolved": "https://registry.npmjs.org/pointer-symbol/-/pointer-symbol-1.0.0.tgz",
      "integrity": "sha1-YPkRAgTqepKbYmRKITFVQ8uz1Ec="
    },
    "pretty-remarkable": {
      "version": "0.4.1",
      "resolved": "https://registry.npmjs.org/pretty-remarkable/-/pretty-remarkable-0.4.1.tgz",
      "integrity": "sha1-Q3tTyKfUxHpZM8AbslmC+EBWAgE=",
      "dev": true
    },
    "process-nextick-args": {
      "version": "1.0.7",
      "resolved": "https://registry.npmjs.org/process-nextick-args/-/process-nextick-args-1.0.7.tgz",
      "integrity": "sha1-FQ4gt1ZZCtP5EJPyWk8q2L/zC6M=",
      "dev": true
    },
    "promise-reduce": {
      "version": "2.1.0",
      "resolved": "https://registry.npmjs.org/promise-reduce/-/promise-reduce-2.1.0.tgz",
      "integrity": "sha1-dxmHMbXGLL1fjhhFUREx0A47bEc=",
      "dev": true
    },
    "prompt-actions": {
      "version": "3.0.2",
      "resolved": "https://registry.npmjs.org/prompt-actions/-/prompt-actions-3.0.2.tgz",
      "integrity": "sha512-dhz2Fl7vK+LPpmnQ/S/eSut4BnH4NZDLyddHKi5uTU/2PDn3grEMGkgsll16V5RpVUh/yxdiam0xsM0RD4xvtg=="
    },
    "prompt-base": {
      "version": "3.0.4",
      "resolved": "https://registry.npmjs.org/prompt-base/-/prompt-base-3.0.4.tgz",
      "integrity": "sha512-+Wt4ZjULruIRmjGI354tJB36QE749BbqV8cUv1QzQHEiIJyoHiyIbkLWjB366qCklK4k1aAOPUW0EXI/i24QUQ=="
    },
    "prompt-choices": {
      "version": "4.0.4",
      "resolved": "https://registry.npmjs.org/prompt-choices/-/prompt-choices-4.0.4.tgz",
      "integrity": "sha512-KjL90bLuPJ3sqyu7jf4MiOgqSdqmzbOJWOPWYJnj5QK8hJKNQmCPD3l4hB8Emwgc57KKDctDqgC9iP6kGugjCA==",
      "dependencies": {
        "kind-of": {
          "version": "4.0.0",
          "resolved": "https://registry.npmjs.org/kind-of/-/kind-of-4.0.0.tgz",
          "integrity": "sha1-IIE989cSkosgc3hpGkUGb65y3Vc="
        }
      }
    },
    "prompt-question": {
      "version": "4.0.2",
      "resolved": "https://registry.npmjs.org/prompt-question/-/prompt-question-4.0.2.tgz",
      "integrity": "sha512-FeTUQ2XJHoVmPZziBDKgAeyxjtYZYYlSWiOtLpgAmxqWsRLBnvFs6rTkLjxX1yKHCUh7NMo983hVgJzimAaiGQ==",
      "dependencies": {
        "kind-of": {
          "version": "4.0.0",
          "resolved": "https://registry.npmjs.org/kind-of/-/kind-of-4.0.0.tgz",
          "integrity": "sha1-IIE989cSkosgc3hpGkUGb65y3Vc="
        }
      }
    },
    "prompt-text": {
      "version": "1.0.5",
      "resolved": "https://registry.npmjs.org/prompt-text/-/prompt-text-1.0.5.tgz",
      "integrity": "sha512-55BkD9/ipKReyN65WsxC/EcmdxBM64PDdR4vKBBevCGzYqZ+AlBMCIyK1s9CGE9XLIY5hOjhvgxRYI+tL4shMQ==",
      "dev": true
    },
    "radio-symbol": {
      "version": "2.0.0",
      "resolved": "https://registry.npmjs.org/radio-symbol/-/radio-symbol-2.0.0.tgz",
      "integrity": "sha1-eqm/xQSFY21S3XbWqOYxspB5muE="
    },
    "randomatic": {
      "version": "1.1.6",
      "resolved": "https://registry.npmjs.org/randomatic/-/randomatic-1.1.6.tgz",
      "integrity": "sha1-EQ3Kv/OX6dz/fAeJzMCkmt8exbs=",
      "dev": true,
      "dependencies": {
        "is-number": {
          "version": "2.1.0",
          "resolved": "https://registry.npmjs.org/is-number/-/is-number-2.1.0.tgz",
          "integrity": "sha1-Afy7s5NGOlSPL0ZszhbezknbkI8=",
          "dev": true
        }
      }
    },
    "readable-stream": {
      "version": "2.2.10",
      "resolved": "https://registry.npmjs.org/readable-stream/-/readable-stream-2.2.10.tgz",
      "integrity": "sha512-HQEnnoV404e0EtwB9yNiuk2tJ+egeVC8Y9QBAxzDg8DBJt4BzRp+yQuIb/t3FIWkSTmIi+sgx7yVv/ZM0GNoqw==",
      "dev": true
    },
    "readline-ui": {
      "version": "2.2.3",
      "resolved": "https://registry.npmjs.org/readline-ui/-/readline-ui-2.2.3.tgz",
      "integrity": "sha512-ix7jz0PxqQqcIuq3yQTHv1TOhlD2IHO74aNO+lSuXsRYm1d+pdyup1yF3zKyLK1wWZrVNGjkzw5tUegO2IDy+A=="
    },
    "readline-utils": {
      "version": "2.2.1",
      "resolved": "https://registry.npmjs.org/readline-utils/-/readline-utils-2.2.1.tgz",
      "integrity": "sha1-PLvG/SHtZRmad+IKcdXeumnGsDo="
    },
    "regex-not": {
      "version": "1.0.0",
      "resolved": "https://registry.npmjs.org/regex-not/-/regex-not-1.0.0.tgz",
      "integrity": "sha1-Qvg+OXcWIt+CawKvF2Ul1qXxV/k=",
      "dev": true
    },
    "remarkable": {
      "version": "1.7.1",
      "resolved": "https://registry.npmjs.org/remarkable/-/remarkable-1.7.1.tgz",
      "integrity": "sha1-qspJchALZqZCpjoQIcpLrBvjv/Y=",
      "dev": true
    },
    "repeat-element": {
      "version": "1.1.2",
      "resolved": "https://registry.npmjs.org/repeat-element/-/repeat-element-1.1.2.tgz",
      "integrity": "sha1-7wiaF40Ug7quTZPrmLT55OEdmQo=",
      "dev": true
    },
    "repeat-string": {
      "version": "1.6.1",
      "resolved": "https://registry.npmjs.org/repeat-string/-/repeat-string-1.6.1.tgz",
      "integrity": "sha1-jcrkcOHIirwtYA//Sndihtp15jc=",
      "dev": true
    },
    "resolve-url": {
      "version": "0.2.1",
      "resolved": "https://registry.npmjs.org/resolve-url/-/resolve-url-0.2.1.tgz",
      "integrity": "sha1-LGN/53yJOv0qZj/iGqkIAGjiBSo=",
      "dev": true
    },
    "safe-buffer": {
      "version": "5.1.0",
      "resolved": "https://registry.npmjs.org/safe-buffer/-/safe-buffer-5.1.0.tgz",
      "integrity": "sha512-aSLEDudu6OoRr/2rU609gRmnYboRLxgDG1z9o2Q0os7236FwvcqIOO8r8U5JUEwivZOhDaKlFO4SbPTJYyBEyQ==",
      "dev": true
    },
    "sections": {
      "version": "0.1.10",
      "resolved": "https://registry.npmjs.org/sections/-/sections-0.1.10.tgz",
      "integrity": "sha1-tHR9iroYKaE0WikanbXSUyl3eH8=",
      "dev": true
    },
    "set-getter": {
      "version": "0.1.0",
      "resolved": "https://registry.npmjs.org/set-getter/-/set-getter-0.1.0.tgz",
      "integrity": "sha1-12nBgsnVpR9AkUXy+6guXoboA3Y="
    },
    "set-value": {
      "version": "1.0.0",
      "resolved": "https://registry.npmjs.org/set-value/-/set-value-1.0.0.tgz",
      "integrity": "sha1-vMdvcaDx4HokuYfQoCr+yfZlME8="
    },
    "shallow-clone": {
      "version": "0.1.2",
      "resolved": "https://registry.npmjs.org/shallow-clone/-/shallow-clone-0.1.2.tgz",
      "integrity": "sha1-WQnodLp3EG1zrEFM/sH/yofZcGA=",
      "dependencies": {
        "kind-of": {
          "version": "2.0.1",
          "resolved": "https://registry.npmjs.org/kind-of/-/kind-of-2.0.1.tgz",
          "integrity": "sha1-AY7HpM5+OobLkUG+UZ0kyPqpgbU="
        },
        "lazy-cache": {
          "version": "0.2.7",
          "resolved": "https://registry.npmjs.org/lazy-cache/-/lazy-cache-0.2.7.tgz",
          "integrity": "sha1-f+3fLctu23fRHvHRF6tf/fCrG2U="
        }
      }
    },
    "snapdragon": {
      "version": "0.8.1",
      "resolved": "https://registry.npmjs.org/snapdragon/-/snapdragon-0.8.1.tgz",
      "integrity": "sha1-4StUh/re0+PeoKyR6UAL91tAE3A=",
      "dev": true,
      "dependencies": {
        "define-property": {
          "version": "0.2.5",
          "resolved": "https://registry.npmjs.org/define-property/-/define-property-0.2.5.tgz",
          "integrity": "sha1-w1se+RjsPJkPmlvFe+BKrOxcgRY=",
          "dev": true
        },
        "is-descriptor": {
          "version": "0.1.5",
          "resolved": "https://registry.npmjs.org/is-descriptor/-/is-descriptor-0.1.5.tgz",
          "integrity": "sha1-4/uLSrZfOjc3M4jhi0AdeMWMvqc=",
          "dev": true
        }
      }
    },
    "source-map": {
      "version": "0.5.6",
      "resolved": "https://registry.npmjs.org/source-map/-/source-map-0.5.6.tgz",
      "integrity": "sha1-dc449SvwczxafwwRjYEzSiu19BI=",
      "dev": true
    },
    "source-map-resolve": {
      "version": "0.5.0",
      "resolved": "https://registry.npmjs.org/source-map-resolve/-/source-map-resolve-0.5.0.tgz",
      "integrity": "sha1-/K0LZLcK+ydpnkJZUMtevNQQvCA=",
      "dev": true
    },
    "source-map-url": {
      "version": "0.4.0",
      "resolved": "https://registry.npmjs.org/source-map-url/-/source-map-url-0.4.0.tgz",
      "integrity": "sha1-PpNdfd1zYxuXZZlW1VEo6HtQhKM=",
      "dev": true
    },
    "static-extend": {
      "version": "0.1.2",
      "resolved": "https://registry.npmjs.org/static-extend/-/static-extend-0.1.2.tgz",
      "integrity": "sha1-YICcOcv/VTNyJv1eC1IPNB8ftcY=",
      "dependencies": {
        "define-property": {
          "version": "0.2.5",
          "resolved": "https://registry.npmjs.org/define-property/-/define-property-0.2.5.tgz",
          "integrity": "sha1-w1se+RjsPJkPmlvFe+BKrOxcgRY="
        },
        "is-descriptor": {
          "version": "0.1.5",
          "resolved": "https://registry.npmjs.org/is-descriptor/-/is-descriptor-0.1.5.tgz",
          "integrity": "sha1-4/uLSrZfOjc3M4jhi0AdeMWMvqc="
        }
      }
    },
    "string_decoder": {
      "version": "1.0.1",
      "resolved": "https://registry.npmjs.org/string_decoder/-/string_decoder-1.0.1.tgz",
      "integrity": "sha1-YuIA8DmVWmgQ2N8KM//A8BNmLZg=",
      "dev": true
    },
    "string-width": {
      "version": "2.0.0",
      "resolved": "https://registry.npmjs.org/string-width/-/string-width-2.0.0.tgz",
      "integrity": "sha1-Y1xUNsxypuDDh87KJ41OLuxSaH4="
    },
    "strip-ansi": {
      "version": "3.0.1",
      "resolved": "https://registry.npmjs.org/strip-ansi/-/strip-ansi-3.0.1.tgz",
      "integrity": "sha1-ajhfuIU9lS1f8F0Oiq+UJ43GPc8="
    },
    "strip-color": {
      "version": "0.1.0",
      "resolved": "https://registry.npmjs.org/strip-color/-/strip-color-0.1.0.tgz",
      "integrity": "sha1-EG9l09PmotlAHKwOsM6LinArT3s="
    },
    "success-symbol": {
      "version": "0.1.0",
      "resolved": "https://registry.npmjs.org/success-symbol/-/success-symbol-0.1.0.tgz",
      "integrity": "sha1-JAIuSG878c3KCUKDt2nEctO3KJc="
    },
    "supports-color": {
      "version": "3.1.2",
      "resolved": "https://registry.npmjs.org/supports-color/-/supports-color-3.1.2.tgz",
      "integrity": "sha1-cqJiiU2dQIuVbKBf83su2KbiotU=",
      "dev": true
    },
    "terminal-paginator": {
      "version": "2.0.2",
      "resolved": "https://registry.npmjs.org/terminal-paginator/-/terminal-paginator-2.0.2.tgz",
      "integrity": "sha512-IZMT5ECF9p4s+sNCV8uvZSW9E1+9zy9Ji9xz2oee8Jfo7hUFpauyjxkhfRcIH6Lu3Wdepv5D1kVRc8Hx74/LfQ=="
    },
    "through2": {
      "version": "2.0.3",
      "resolved": "https://registry.npmjs.org/through2/-/through2-2.0.3.tgz",
      "integrity": "sha1-AARWmzfHx0ujnEPzzteNGtlBQL4=",
      "dev": true
    },
    "time-stamp": {
      "version": "1.1.0",
      "resolved": "https://registry.npmjs.org/time-stamp/-/time-stamp-1.1.0.tgz",
      "integrity": "sha1-dkpaEa9QVhkhsTPztE5hhofg9cM="
    },
    "to-gfm-code-block": {
      "version": "0.1.1",
      "resolved": "https://registry.npmjs.org/to-gfm-code-block/-/to-gfm-code-block-0.1.1.tgz",
      "integrity": "sha1-JdBFpfrlUxielje1kJANpzLYqoI=",
      "dev": true
    },
    "to-object-path": {
      "version": "0.3.0",
      "resolved": "https://registry.npmjs.org/to-object-path/-/to-object-path-0.3.0.tgz",
      "integrity": "sha1-KXWIt7Dn4KwI4E5nL4XB9JmeF68="
    },
    "to-regex": {
      "version": "3.0.1",
      "resolved": "https://registry.npmjs.org/to-regex/-/to-regex-3.0.1.tgz",
      "integrity": "sha1-FTWL7kosg712N3uh3ASdDxiDeq4=",
      "dev": true,
      "dependencies": {
        "define-property": {
          "version": "0.2.5",
          "resolved": "https://registry.npmjs.org/define-property/-/define-property-0.2.5.tgz",
          "integrity": "sha1-w1se+RjsPJkPmlvFe+BKrOxcgRY=",
          "dev": true
        },
        "is-descriptor": {
          "version": "0.1.5",
          "resolved": "https://registry.npmjs.org/is-descriptor/-/is-descriptor-0.1.5.tgz",
          "integrity": "sha1-4/uLSrZfOjc3M4jhi0AdeMWMvqc=",
          "dev": true
        }
      }
    },
    "toggle-array": {
      "version": "1.0.1",
      "resolved": "https://registry.npmjs.org/toggle-array/-/toggle-array-1.0.1.tgz",
      "integrity": "sha1-y/WEB5K9UJfzMReugkyTKv/ofVg="
    },
    "underscore": {
      "version": "1.7.0",
      "resolved": "https://registry.npmjs.org/underscore/-/underscore-1.7.0.tgz",
      "integrity": "sha1-a7rwh3UA02vjTsqlhODbn+8DUgk=",
      "dev": true
    },
    "underscore.string": {
      "version": "2.4.0",
      "resolved": "https://registry.npmjs.org/underscore.string/-/underscore.string-2.4.0.tgz",
      "integrity": "sha1-jN2PusTi0uoefi6Al8QvRCKA+Fs=",
      "dev": true
    },
    "union-value": {
      "version": "0.2.4",
      "resolved": "https://registry.npmjs.org/union-value/-/union-value-0.2.4.tgz",
      "integrity": "sha1-c3UVJ4ZnkFfns3qmdug0aPwCdPA=",
      "dev": true,
      "dependencies": {
        "set-value": {
          "version": "0.4.3",
          "resolved": "https://registry.npmjs.org/set-value/-/set-value-0.4.3.tgz",
          "integrity": "sha1-fbCPnT0i3H945Trzw79GZuzfzPE=",
          "dev": true
        }
      }
    },
    "unset-value": {
      "version": "0.1.2",
      "resolved": "https://registry.npmjs.org/unset-value/-/unset-value-0.1.2.tgz",
      "integrity": "sha1-UGgQuGfyfCpabpsEgzYx9t5Y0xA=",
      "dev": true
    },
    "urix": {
      "version": "0.1.0",
      "resolved": "https://registry.npmjs.org/urix/-/urix-0.1.0.tgz",
      "integrity": "sha1-2pN/emLiH+wf0Y1Js1wpNQZ6bHI=",
      "dev": true
    },
    "use": {
      "version": "2.0.2",
      "resolved": "https://registry.npmjs.org/use/-/use-2.0.2.tgz",
      "integrity": "sha1-riig1y+TvyJCKhii43mZMRLeyOg=",
      "dev": true,
      "dependencies": {
        "define-property": {
          "version": "0.2.5",
          "resolved": "https://registry.npmjs.org/define-property/-/define-property-0.2.5.tgz",
          "integrity": "sha1-w1se+RjsPJkPmlvFe+BKrOxcgRY=",
          "dev": true
        },
        "is-descriptor": {
          "version": "0.1.5",
          "resolved": "https://registry.npmjs.org/is-descriptor/-/is-descriptor-0.1.5.tgz",
          "integrity": "sha1-4/uLSrZfOjc3M4jhi0AdeMWMvqc=",
          "dev": true
        }
      }
    },
    "util-deprecate": {
      "version": "1.0.2",
      "resolved": "https://registry.npmjs.org/util-deprecate/-/util-deprecate-1.0.2.tgz",
      "integrity": "sha1-RQ1Nyfpw3nMnYvvS1KKJgUGaDM8=",
      "dev": true
    },
    "warning-symbol": {
      "version": "0.1.0",
      "resolved": "https://registry.npmjs.org/warning-symbol/-/warning-symbol-0.1.0.tgz",
      "integrity": "sha1-uzHdEbeg+dZ6su2V9Fe2WCW7rSE="
    },
    "window-size": {
      "version": "1.0.0",
      "resolved": "https://registry.npmjs.org/window-size/-/window-size-1.0.0.tgz",
      "integrity": "sha1-zVb3Y/C286ndyf2dbkc303LpEGI="
    },
    "wrappy": {
      "version": "1.0.2",
      "resolved": "https://registry.npmjs.org/wrappy/-/wrappy-1.0.2.tgz",
      "integrity": "sha1-tSQ9jz7BqjXxNkYFvA0QNuMKtp8=",
      "dev": true
    },
    "xtend": {
      "version": "4.0.1",
      "resolved": "https://registry.npmjs.org/xtend/-/xtend-4.0.1.tgz",
      "integrity": "sha1-pcbVMr5lbiPbgg77lDofBJmNY68=",
      "dev": true
    }
  }
}
